
Microsoft Visual Studio Solution File, Format Version 12.00
# Visual Studio Version 16
VisualStudioVersion = 16.0.31129.286
MinimumVisualStudioVersion = 10.0.40219.1
Project("{FAE04EC0-301F-11D3-BF4B-00C04F79EFBC}") = "ADO_NET", "ADO_NET.csproj", "{76E33CE6-9935-4B4F-9246-8841019B02A4}"
EndProject
Global
	GlobalSection(SolutionConfigurationPlatforms) = preSolution
		Debug|Any CPU = Debug|Any CPU
		Release|Any CPU = Release|Any CPU
	EndGlobalSection
	GlobalSection(ProjectConfigurationPlatforms) = postSolution
		{76E33CE6-9935-4B4F-9246-8841019B02A4}.Debug|Any CPU.ActiveCfg = Debug|Any CPU
		{76E33CE6-9935-4B4F-9246-8841019B02A4}.Debug|Any CPU.Build.0 = Debug|Any CPU
		{76E33CE6-9935-4B4F-9246-8841019B02A4}.Release|Any CPU.ActiveCfg = Release|Any CPU
		{76E33CE6-9935-4B4F-9246-8841019B02A4}.Release|Any CPU.Build.0 = Release|Any CPU
	EndGlobalSection
	GlobalSection(SolutionProperties) = preSolution
		HideSolutionNode = FALSE
	EndGlobalSection
	GlobalSection(ExtensibilityGlobals) = postSolution
		SolutionGuid = {68F981F0-3153-46AF-8C31-DFBCC704953B}
	EndGlobalSection
EndGlobal
